
Microsoft Visual Studio Solution File, Format Version 12.00
# Visual Studio Version 17
VisualStudioVersion = 17.4.33213.308
MinimumVisualStudioVersion = 10.0.40219.1
Project("{FAE04EC0-301F-11D3-BF4B-00C04F79EFBC}") = "programme_poo_valide", "programme_poo_valide\programme_poo_valide.csproj", "{7FB6A69F-CF02-49BF-B03A-DA96C7135DDC}"
EndProject
Global
	GlobalSection(SolutionConfigurationPlatforms) = preSolution
		Debug|Any CPU = Debug|Any CPU
		Release|Any CPU = Release|Any CPU
	EndGlobalSection
	GlobalSection(ProjectConfigurationPlatforms) = postSolution
		{7FB6A69F-CF02-49BF-B03A-DA96C7135DDC}.Debug|Any CPU.ActiveCfg = Debug|Any CPU
		{7FB6A69F-CF02-49BF-B03A-DA96C7135DDC}.Debug|Any CPU.Build.0 = Debug|Any CPU
		{7FB6A69F-CF02-49BF-B03A-DA96C7135DDC}.Release|Any CPU.ActiveCfg = Release|Any CPU
		{7FB6A69F-CF02-49BF-B03A-DA96C7135DDC}.Release|Any CPU.Build.0 = Release|Any CPU
	EndGlobalSection
	GlobalSection(SolutionProperties) = preSolution
		HideSolutionNode = FALSE
	EndGlobalSection
	GlobalSection(ExtensibilityGlobals) = postSolution
		SolutionGuid = {E2CB9ACF-E2ED-4324-99BC-D4582046333E}
	EndGlobalSection
EndGlobal
