
Microsoft Visual Studio Solution File, Format Version 12.00
# Visual Studio Version 17
VisualStudioVersion = 17.4.33213.308
MinimumVisualStudioVersion = 10.0.40219.1
Project("{FAE04EC0-301F-11D3-BF4B-00C04F79EFBC}") = "generateur_phrases_aleatoires", "generateur_phrases_aleatoires\generateur_phrases_aleatoires.csproj", "{F2CE1E97-2D09-45FD-803D-77F79C01191C}"
EndProject
Global
	GlobalSection(SolutionConfigurationPlatforms) = preSolution
		Debug|Any CPU = Debug|Any CPU
		Release|Any CPU = Release|Any CPU
	EndGlobalSection
	GlobalSection(ProjectConfigurationPlatforms) = postSolution
		{F2CE1E97-2D09-45FD-803D-77F79C01191C}.Debug|Any CPU.ActiveCfg = Debug|Any CPU
		{F2CE1E97-2D09-45FD-803D-77F79C01191C}.Debug|Any CPU.Build.0 = Debug|Any CPU
		{F2CE1E97-2D09-45FD-803D-77F79C01191C}.Release|Any CPU.ActiveCfg = Release|Any CPU
		{F2CE1E97-2D09-45FD-803D-77F79C01191C}.Release|Any CPU.Build.0 = Release|Any CPU
	EndGlobalSection
	GlobalSection(SolutionProperties) = preSolution
		HideSolutionNode = FALSE
	EndGlobalSection
	GlobalSection(ExtensibilityGlobals) = postSolution
		SolutionGuid = {0B49E875-C4A1-469C-A919-483C2DD967B6}
	EndGlobalSection
EndGlobal
