
Microsoft Visual Studio Solution File, Format Version 12.00
# Visual Studio Version 17
VisualStudioVersion = 17.4.33213.308
MinimumVisualStudioVersion = 10.0.40219.1
Project("{FAE04EC0-301F-11D3-BF4B-00C04F79EFBC}") = "nombre_magique", "nombre_magique\nombre_magique.csproj", "{6523D9A7-CB79-41FF-8600-0DB05A9CC7B5}"
EndProject
Global
	GlobalSection(SolutionConfigurationPlatforms) = preSolution
		Debug|Any CPU = Debug|Any CPU
		Release|Any CPU = Release|Any CPU
	EndGlobalSection
	GlobalSection(ProjectConfigurationPlatforms) = postSolution
		{6523D9A7-CB79-41FF-8600-0DB05A9CC7B5}.Debug|Any CPU.ActiveCfg = Debug|Any CPU
		{6523D9A7-CB79-41FF-8600-0DB05A9CC7B5}.Debug|Any CPU.Build.0 = Debug|Any CPU
		{6523D9A7-CB79-41FF-8600-0DB05A9CC7B5}.Release|Any CPU.ActiveCfg = Release|Any CPU
		{6523D9A7-CB79-41FF-8600-0DB05A9CC7B5}.Release|Any CPU.Build.0 = Release|Any CPU
	EndGlobalSection
	GlobalSection(SolutionProperties) = preSolution
		HideSolutionNode = FALSE
	EndGlobalSection
	GlobalSection(ExtensibilityGlobals) = postSolution
		SolutionGuid = {6CEB5E06-A13C-4CD5-BF39-144BE4A56AB7}
	EndGlobalSection
EndGlobal
