
Microsoft Visual Studio Solution File, Format Version 12.00
# Visual Studio Version 17
VisualStudioVersion = 17.5.33414.496
MinimumVisualStudioVersion = 10.0.40219.1
Project("{FAE04EC0-301F-11D3-BF4B-00C04F79EFBC}") = "programme_reseau", "programme_reseau\programme_reseau.csproj", "{58272D82-248B-4F16-8C15-C88D52922F89}"
EndProject
Global
	GlobalSection(SolutionConfigurationPlatforms) = preSolution
		Debug|Any CPU = Debug|Any CPU
		Release|Any CPU = Release|Any CPU
	EndGlobalSection
	GlobalSection(ProjectConfigurationPlatforms) = postSolution
		{58272D82-248B-4F16-8C15-C88D52922F89}.Debug|Any CPU.ActiveCfg = Debug|Any CPU
		{58272D82-248B-4F16-8C15-C88D52922F89}.Debug|Any CPU.Build.0 = Debug|Any CPU
		{58272D82-248B-4F16-8C15-C88D52922F89}.Release|Any CPU.ActiveCfg = Release|Any CPU
		{58272D82-248B-4F16-8C15-C88D52922F89}.Release|Any CPU.Build.0 = Release|Any CPU
	EndGlobalSection
	GlobalSection(SolutionProperties) = preSolution
		HideSolutionNode = FALSE
	EndGlobalSection
	GlobalSection(ExtensibilityGlobals) = postSolution
		SolutionGuid = {58FECF4F-FD7D-4178-8CBE-66DDA2A394ED}
	EndGlobalSection
EndGlobal
