
Microsoft Visual Studio Solution File, Format Version 12.00
# Visual Studio Version 17
VisualStudioVersion = 17.5.33414.496
MinimumVisualStudioVersion = 10.0.40219.1
Project("{FAE04EC0-301F-11D3-BF4B-00C04F79EFBC}") = "projet_pizza2", "projet_pizza2\projet_pizza2.csproj", "{3462A10A-2980-4E31-B8F2-407A3BD5D4A2}"
EndProject
Global
	GlobalSection(SolutionConfigurationPlatforms) = preSolution
		Debug|Any CPU = Debug|Any CPU
		Release|Any CPU = Release|Any CPU
	EndGlobalSection
	GlobalSection(ProjectConfigurationPlatforms) = postSolution
		{3462A10A-2980-4E31-B8F2-407A3BD5D4A2}.Debug|Any CPU.ActiveCfg = Debug|Any CPU
		{3462A10A-2980-4E31-B8F2-407A3BD5D4A2}.Debug|Any CPU.Build.0 = Debug|Any CPU
		{3462A10A-2980-4E31-B8F2-407A3BD5D4A2}.Release|Any CPU.ActiveCfg = Release|Any CPU
		{3462A10A-2980-4E31-B8F2-407A3BD5D4A2}.Release|Any CPU.Build.0 = Release|Any CPU
	EndGlobalSection
	GlobalSection(SolutionProperties) = preSolution
		HideSolutionNode = FALSE
	EndGlobalSection
	GlobalSection(ExtensibilityGlobals) = postSolution
		SolutionGuid = {E088433C-715D-4CAC-A544-B2BB1B65EB54}
	EndGlobalSection
EndGlobal
