
Microsoft Visual Studio Solution File, Format Version 12.00
# Visual Studio Version 17
VisualStudioVersion = 17.4.33213.308
MinimumVisualStudioVersion = 10.0.40219.1
Project("{FAE04EC0-301F-11D3-BF4B-00C04F79EFBC}") = "projet_pizza", "projet_pizza\projet_pizza.csproj", "{154DF0A6-5C1C-42E1-AD26-4D1AAB8BC5B7}"
EndProject
Global
	GlobalSection(SolutionConfigurationPlatforms) = preSolution
		Debug|Any CPU = Debug|Any CPU
		Release|Any CPU = Release|Any CPU
	EndGlobalSection
	GlobalSection(ProjectConfigurationPlatforms) = postSolution
		{154DF0A6-5C1C-42E1-AD26-4D1AAB8BC5B7}.Debug|Any CPU.ActiveCfg = Debug|Any CPU
		{154DF0A6-5C1C-42E1-AD26-4D1AAB8BC5B7}.Debug|Any CPU.Build.0 = Debug|Any CPU
		{154DF0A6-5C1C-42E1-AD26-4D1AAB8BC5B7}.Release|Any CPU.ActiveCfg = Release|Any CPU
		{154DF0A6-5C1C-42E1-AD26-4D1AAB8BC5B7}.Release|Any CPU.Build.0 = Release|Any CPU
	EndGlobalSection
	GlobalSection(SolutionProperties) = preSolution
		HideSolutionNode = FALSE
	EndGlobalSection
	GlobalSection(ExtensibilityGlobals) = postSolution
		SolutionGuid = {22813D2E-F9A9-4EA7-983F-B26F006D51A6}
	EndGlobalSection
EndGlobal
